{
  "pins" : [
    {
      "identity" : "itunessearchapi",
      "kind" : "remoteSourceControl",
      "location" : "https://github.com/Finnvoor/iTunesSearchAPI.git",
      "state" : {
        "branch" : "main",
        "revision" : "691c7f08100d0cc4180abe9424c2064e2d46fc4f"
      }
    },
    {
      "identity" : "networkimage",
      "kind" : "remoteSourceControl",
      "location" : "https://github.com/gonzalezreal/NetworkImage",
      "state" : {
        "revision" : "7aff8d1b31148d32c5933d75557d42f6323ee3d1",
        "version" : "6.0.0"
      }
    },
    {
      "identity" : "swift-markdown-ui",
      "kind" : "remoteSourceControl",
      "location" : "git@github.com:gonzalezreal/swift-markdown-ui.git",
      "state" : {
        "revision" : "ae799d015a5374708f7b4c85f3294c05f2a564e2",
        "version" : "2.3.0"
      }
    },
    {
      "identity" : "updateavailablebutton",
      "kind" : "remoteSourceControl",
      "location" : "https://github.com/finnvoor/UpdateAvailableButton.git",
      "state" : {
        "branch" : "main",
        "revision" : "957831d1020bccb06b3d296fdfa402e80c1ad2be"
      }
    }
  ],
  "version" : 2
}
